
Microsoft Visual Studio Solution File, Format Version 12.00
# Visual Studio Version 17
VisualStudioVersion = 17.3.32929.385
MinimumVisualStudioVersion = 10.0.40219.1
Project("{FAE04EC0-301F-11D3-BF4B-00C04F79EFBC}") = "Aspnet Core Identity", "Aspnet Core Identity\Aspnet Core Identity.csproj", "{AA603002-7343-49B7-9A0F-FD6A17C59B1F}"
EndProject
Global
	GlobalSection(SolutionConfigurationPlatforms) = preSolution
		Debug|Any CPU = Debug|Any CPU
		Release|Any CPU = Release|Any CPU
	EndGlobalSection
	GlobalSection(ProjectConfigurationPlatforms) = postSolution
		{AA603002-7343-49B7-9A0F-FD6A17C59B1F}.Debug|Any CPU.ActiveCfg = Debug|Any CPU
		{AA603002-7343-49B7-9A0F-FD6A17C59B1F}.Debug|Any CPU.Build.0 = Debug|Any CPU
		{AA603002-7343-49B7-9A0F-FD6A17C59B1F}.Release|Any CPU.ActiveCfg = Release|Any CPU
		{AA603002-7343-49B7-9A0F-FD6A17C59B1F}.Release|Any CPU.Build.0 = Release|Any CPU
	EndGlobalSection
	GlobalSection(SolutionProperties) = preSolution
		HideSolutionNode = FALSE
	EndGlobalSection
	GlobalSection(ExtensibilityGlobals) = postSolution
		SolutionGuid = {4F09E24F-4CDC-4999-9AAE-E120DF4E4EBB}
	EndGlobalSection
EndGlobal
